// !$*UTF8*$!
{
	archiveVersion = 1;
	classes = {
	};
	objectVersion = 56;
	objects = {

/* Begin PBXBuildFile section */
		69304D312BD2D3D000CA68A5 /* iOS_Demo_App.swift in Sources */ = {isa = PBXBuildFile; fileRef = 69304D302BD2D3D000CA68A5 /* iOS_Demo_App.swift */; };
		69304D332BD2D3D000CA68A5 /* AuthenticationView.swift in Sources */ = {isa = PBXBuildFile; fileRef = 69304D322BD2D3D000CA68A5 /* AuthenticationView.swift */; };
		69304D352BD2D3D100CA68A5 /* Assets.xcassets in Resources */ = {isa = PBXBuildFile; fileRef = 69304D342BD2D3D100CA68A5 /* Assets.xcassets */; };
		69304D382BD2D3D100CA68A5 /* Preview Assets.xcassets in Resources */ = {isa = PBXBuildFile; fileRef = 69304D372BD2D3D100CA68A5 /* Preview Assets.xcassets */; };
		69304D402BD2D46500CA68A5 /* AuthenticationService.swift in Sources */ = {isa = PBXBuildFile; fileRef = 69304D3F2BD2D46500CA68A5 /* AuthenticationService.swift */; };
		69304D432BD2E78200CA68A5 /* TenantLoginBrowserView.swift in Sources */ = {isa = PBXBuildFile; fileRef = 69304D422BD2E78200CA68A5 /* TenantLoginBrowserView.swift */; };
		69304D472BD2EB3C00CA68A5 /* AuthenticationViewModel.swift in Sources */ = {isa = PBXBuildFile; fileRef = 69304D462BD2EB3C00CA68A5 /* AuthenticationViewModel.swift */; };
		69304D492BD2FE2000CA68A5 /* KeychainService.swift in Sources */ = {isa = PBXBuildFile; fileRef = 69304D482BD2FE2000CA68A5 /* KeychainService.swift */; };
		69304D4C2BD2FF2300CA68A5 /* KeychainAccess in Frameworks */ = {isa = PBXBuildFile; productRef = 69304D4B2BD2FF2300CA68A5 /* KeychainAccess */; };
		69304D4E2BD4362C00CA68A5 /* PKCEGeneratorService.swift in Sources */ = {isa = PBXBuildFile; fileRef = 69304D4D2BD4362C00CA68A5 /* PKCEGeneratorService.swift */; };
		69304D512BD44B0700CA68A5 /* TokenResponse.swift in Sources */ = {isa = PBXBuildFile; fileRef = 69304D502BD44B0700CA68A5 /* TokenResponse.swift */; };
		69304D532BD5845C00CA68A5 /* AppLoginBrowserView.swift in Sources */ = {isa = PBXBuildFile; fileRef = 69304D522BD5845C00CA68A5 /* AppLoginBrowserView.swift */; };
		69304D5B2BD6D80D00CA68A5 /* LandingView.swift in Sources */ = {isa = PBXBuildFile; fileRef = 69304D5A2BD6D80D00CA68A5 /* LandingView.swift */; };
		69304D5D2BD6D85E00CA68A5 /* ContentView.swift in Sources */ = {isa = PBXBuildFile; fileRef = 69304D5C2BD6D85E00CA68A5 /* ContentView.swift */; };
		69304D612BD6F4D600CA68A5 /* UsersViewModel.swift in Sources */ = {isa = PBXBuildFile; fileRef = 69304D602BD6F4D600CA68A5 /* UsersViewModel.swift */; };
		69304D632BD6F91000CA68A5 /* UsersService.swift in Sources */ = {isa = PBXBuildFile; fileRef = 69304D622BD6F91000CA68A5 /* UsersService.swift */; };
		69304D652BD6F9FB00CA68A5 /* User.swift in Sources */ = {isa = PBXBuildFile; fileRef = 69304D642BD6F9FB00CA68A5 /* User.swift */; };
		69304D672BD724A800CA68A5 /* OldSettingsView.swift in Sources */ = {isa = PBXBuildFile; fileRef = 69304D662BD724A800CA68A5 /* OldSettingsView.swift */; };
		69304D6A2BD724F400CA68A5 /* CustomColors.swift in Sources */ = {isa = PBXBuildFile; fileRef = 69304D692BD724F400CA68A5 /* CustomColors.swift */; };
		6954F41C2BD99FAD0017373C /* LogoutBrowserView.swift in Sources */ = {isa = PBXBuildFile; fileRef = 6954F41B2BD99FAD0017373C /* LogoutBrowserView.swift */; };
		6954F41E2BD9D87A0017373C /* WristbandTouchPointView.swift in Sources */ = {isa = PBXBuildFile; fileRef = 6954F41D2BD9D87A0017373C /* WristbandTouchPointView.swift */; };
		69B65F6E2BEB1F82001B9C08 /* ViewHelpers.swift in Sources */ = {isa = PBXBuildFile; fileRef = 69B65F6D2BEB1F82001B9C08 /* ViewHelpers.swift */; };
		69B65F702BEB2471001B9C08 /* decodeAndPrintJson.swift in Sources */ = {isa = PBXBuildFile; fileRef = 69B65F6F2BEB2471001B9C08 /* decodeAndPrintJson.swift */; };
		69B65F722BEC55A1001B9C08 /* Settings.swift in Sources */ = {isa = PBXBuildFile; fileRef = 69B65F712BEC55A1001B9C08 /* Settings.swift */; };
		69B65F762BEDBC40001B9C08 /* UpdateUserInfoView.swift in Sources */ = {isa = PBXBuildFile; fileRef = 69B65F752BEDBC40001B9C08 /* UpdateUserInfoView.swift */; };
		69B65F782BEDBC57001B9C08 /* ChangeEmailView.swift in Sources */ = {isa = PBXBuildFile; fileRef = 69B65F772BEDBC57001B9C08 /* ChangeEmailView.swift */; };
		69B65F7A2BEDBC7D001B9C08 /* ChangePasswordView.swift in Sources */ = {isa = PBXBuildFile; fileRef = 69B65F792BEDBC7D001B9C08 /* ChangePasswordView.swift */; };
		69B65FA22BF18A88001B9C08 /* Functions.swift in Sources */ = {isa = PBXBuildFile; fileRef = 69B65FA12BF18A88001B9C08 /* Functions.swift */; };
		69B65FA52BF42A3F001B9C08 /* iPhoneNumberField in Frameworks */ = {isa = PBXBuildFile; productRef = 69B65FA42BF42A3F001B9C08 /* iPhoneNumberField */; };
/* End PBXBuildFile section */

/* Begin PBXFileReference section */
		69304D2D2BD2D3D000CA68A5 /* iOS-Demo-App.app */ = {isa = PBXFileReference; explicitFileType = wrapper.application; includeInIndex = 0; path = "iOS-Demo-App.app"; sourceTree = BUILT_PRODUCTS_DIR; };
		69304D302BD2D3D000CA68A5 /* iOS_Demo_App.swift */ = {isa = PBXFileReference; lastKnownFileType = sourcecode.swift; path = iOS_Demo_App.swift; sourceTree = "<group>"; };
		69304D322BD2D3D000CA68A5 /* AuthenticationView.swift */ = {isa = PBXFileReference; lastKnownFileType = sourcecode.swift; path = AuthenticationView.swift; sourceTree = "<group>"; };
		69304D342BD2D3D100CA68A5 /* Assets.xcassets */ = {isa = PBXFileReference; lastKnownFileType = folder.assetcatalog; path = Assets.xcassets; sourceTree = "<group>"; };
		69304D372BD2D3D100CA68A5 /* Preview Assets.xcassets */ = {isa = PBXFileReference; lastKnownFileType = folder.assetcatalog; path = "Preview Assets.xcassets"; sourceTree = "<group>"; };
		69304D3F2BD2D46500CA68A5 /* AuthenticationService.swift */ = {isa = PBXFileReference; lastKnownFileType = sourcecode.swift; path = AuthenticationService.swift; sourceTree = "<group>"; };
		69304D422BD2E78200CA68A5 /* TenantLoginBrowserView.swift */ = {isa = PBXFileReference; lastKnownFileType = sourcecode.swift; path = TenantLoginBrowserView.swift; sourceTree = "<group>"; };
		69304D442BD2E83A00CA68A5 /* Info.plist */ = {isa = PBXFileReference; lastKnownFileType = text.plist; path = Info.plist; sourceTree = "<group>"; };
		69304D462BD2EB3C00CA68A5 /* AuthenticationViewModel.swift */ = {isa = PBXFileReference; lastKnownFileType = sourcecode.swift; path = AuthenticationViewModel.swift; sourceTree = "<group>"; };
		69304D482BD2FE2000CA68A5 /* KeychainService.swift */ = {isa = PBXFileReference; lastKnownFileType = sourcecode.swift; path = KeychainService.swift; sourceTree = "<group>"; };
		69304D4D2BD4362C00CA68A5 /* PKCEGeneratorService.swift */ = {isa = PBXFileReference; lastKnownFileType = sourcecode.swift; path = PKCEGeneratorService.swift; sourceTree = "<group>"; };
		69304D502BD44B0700CA68A5 /* TokenResponse.swift */ = {isa = PBXFileReference; lastKnownFileType = sourcecode.swift; path = TokenResponse.swift; sourceTree = "<group>"; };
		69304D522BD5845C00CA68A5 /* AppLoginBrowserView.swift */ = {isa = PBXFileReference; lastKnownFileType = sourcecode.swift; path = AppLoginBrowserView.swift; sourceTree = "<group>"; };
		69304D5A2BD6D80D00CA68A5 /* LandingView.swift */ = {isa = PBXFileReference; lastKnownFileType = sourcecode.swift; path = LandingView.swift; sourceTree = "<group>"; };
		69304D5C2BD6D85E00CA68A5 /* ContentView.swift */ = {isa = PBXFileReference; lastKnownFileType = sourcecode.swift; path = ContentView.swift; sourceTree = "<group>"; };
		69304D602BD6F4D600CA68A5 /* UsersViewModel.swift */ = {isa = PBXFileReference; lastKnownFileType = sourcecode.swift; path = UsersViewModel.swift; sourceTree = "<group>"; };
		69304D622BD6F91000CA68A5 /* UsersService.swift */ = {isa = PBXFileReference; lastKnownFileType = sourcecode.swift; path = UsersService.swift; sourceTree = "<group>"; };
		69304D642BD6F9FB00CA68A5 /* User.swift */ = {isa = PBXFileReference; lastKnownFileType = sourcecode.swift; path = User.swift; sourceTree = "<group>"; };
		69304D662BD724A800CA68A5 /* OldSettingsView.swift */ = {isa = PBXFileReference; lastKnownFileType = sourcecode.swift; path = OldSettingsView.swift; sourceTree = "<group>"; };
		69304D692BD724F400CA68A5 /* CustomColors.swift */ = {isa = PBXFileReference; lastKnownFileType = sourcecode.swift; path = CustomColors.swift; sourceTree = "<group>"; };
		6954F41B2BD99FAD0017373C /* LogoutBrowserView.swift */ = {isa = PBXFileReference; lastKnownFileType = sourcecode.swift; path = LogoutBrowserView.swift; sourceTree = "<group>"; };
		6954F41D2BD9D87A0017373C /* WristbandTouchPointView.swift */ = {isa = PBXFileReference; lastKnownFileType = sourcecode.swift; path = WristbandTouchPointView.swift; sourceTree = "<group>"; };
		69B65F6D2BEB1F82001B9C08 /* ViewHelpers.swift */ = {isa = PBXFileReference; lastKnownFileType = sourcecode.swift; path = ViewHelpers.swift; sourceTree = "<group>"; };
		69B65F6F2BEB2471001B9C08 /* decodeAndPrintJson.swift */ = {isa = PBXFileReference; lastKnownFileType = sourcecode.swift; path = decodeAndPrintJson.swift; sourceTree = "<group>"; };
		69B65F712BEC55A1001B9C08 /* Settings.swift */ = {isa = PBXFileReference; lastKnownFileType = sourcecode.swift; path = Settings.swift; sourceTree = "<group>"; };
		69B65F752BEDBC40001B9C08 /* UpdateUserInfoView.swift */ = {isa = PBXFileReference; lastKnownFileType = sourcecode.swift; path = UpdateUserInfoView.swift; sourceTree = "<group>"; };
		69B65F772BEDBC57001B9C08 /* ChangeEmailView.swift */ = {isa = PBXFileReference; lastKnownFileType = sourcecode.swift; path = ChangeEmailView.swift; sourceTree = "<group>"; };
		69B65F792BEDBC7D001B9C08 /* ChangePasswordView.swift */ = {isa = PBXFileReference; lastKnownFileType = sourcecode.swift; path = ChangePasswordView.swift; sourceTree = "<group>"; };
		69B65FA12BF18A88001B9C08 /* Functions.swift */ = {isa = PBXFileReference; lastKnownFileType = sourcecode.swift; path = Functions.swift; sourceTree = "<group>"; };
/* End PBXFileReference section */

/* Begin PBXFrameworksBuildPhase section */
		69304D2A2BD2D3D000CA68A5 /* Frameworks */ = {
			isa = PBXFrameworksBuildPhase;
			buildActionMask = 2147483647;
			files = (
				69304D4C2BD2FF2300CA68A5 /* KeychainAccess in Frameworks */,
				69B65FA52BF42A3F001B9C08 /* iPhoneNumberField in Frameworks */,
			);
			runOnlyForDeploymentPostprocessing = 0;
		};
/* End PBXFrameworksBuildPhase section */

/* Begin PBXGroup section */
		69304D242BD2D3D000CA68A5 = {
			isa = PBXGroup;
			children = (
				69304D2F2BD2D3D000CA68A5 /* iOS-Demo-App */,
				69304D2E2BD2D3D000CA68A5 /* Products */,
			);
			sourceTree = "<group>";
		};
		69304D2E2BD2D3D000CA68A5 /* Products */ = {
			isa = PBXGroup;
			children = (
				69304D2D2BD2D3D000CA68A5 /* iOS-Demo-App.app */,
			);
			name = Products;
			sourceTree = "<group>";
		};
		69304D2F2BD2D3D000CA68A5 /* iOS-Demo-App */ = {
			isa = PBXGroup;
			children = (
				69304D442BD2E83A00CA68A5 /* Info.plist */,
				69304D302BD2D3D000CA68A5 /* iOS_Demo_App.swift */,
				69304D682BD724DD00CA68A5 /* Utilities */,
				69304D4F2BD44AF700CA68A5 /* Models */,
				69304D3E2BD2D45400CA68A5 /* Services */,
				69304D452BD2EAD600CA68A5 /* ViewModels */,
				69304D412BD2E77600CA68A5 /* Views */,
				69304D342BD2D3D100CA68A5 /* Assets.xcassets */,
				69304D362BD2D3D100CA68A5 /* Preview Content */,
			);
			path = "iOS-Demo-App";
			sourceTree = "<group>";
		};
		69304D362BD2D3D100CA68A5 /* Preview Content */ = {
			isa = PBXGroup;
			children = (
				69304D372BD2D3D100CA68A5 /* Preview Assets.xcassets */,
			);
			path = "Preview Content";
			sourceTree = "<group>";
		};
		69304D3E2BD2D45400CA68A5 /* Services */ = {
			isa = PBXGroup;
			children = (
				69304D3F2BD2D46500CA68A5 /* AuthenticationService.swift */,
				69304D482BD2FE2000CA68A5 /* KeychainService.swift */,
				69304D4D2BD4362C00CA68A5 /* PKCEGeneratorService.swift */,
				69304D622BD6F91000CA68A5 /* UsersService.swift */,
			);
			path = Services;
			sourceTree = "<group>";
		};
		69304D412BD2E77600CA68A5 /* Views */ = {
			isa = PBXGroup;
			children = (
				69304D5C2BD6D85E00CA68A5 /* ContentView.swift */,
				69304D662BD724A800CA68A5 /* OldSettingsView.swift */,
				69B65F732BEDBC10001B9C08 /* Settings */,
				6954F41D2BD9D87A0017373C /* WristbandTouchPointView.swift */,
				69304D5E2BD6D87D00CA68A5 /* Authentication */,
			);
			path = Views;
			sourceTree = "<group>";
		};
		69304D452BD2EAD600CA68A5 /* ViewModels */ = {
			isa = PBXGroup;
			children = (
				69304D462BD2EB3C00CA68A5 /* AuthenticationViewModel.swift */,
				69304D602BD6F4D600CA68A5 /* UsersViewModel.swift */,
			);
			path = ViewModels;
			sourceTree = "<group>";
		};
		69304D4F2BD44AF700CA68A5 /* Models */ = {
			isa = PBXGroup;
			children = (
				69304D502BD44B0700CA68A5 /* TokenResponse.swift */,
				69304D642BD6F9FB00CA68A5 /* User.swift */,
			);
			path = Models;
			sourceTree = "<group>";
		};
		69304D5E2BD6D87D00CA68A5 /* Authentication */ = {
			isa = PBXGroup;
			children = (
				69304D322BD2D3D000CA68A5 /* AuthenticationView.swift */,
				69304D5A2BD6D80D00CA68A5 /* LandingView.swift */,
				69304D5F2BD6D88700CA68A5 /* BrowserLoginViews */,
			);
			path = Authentication;
			sourceTree = "<group>";
		};
		69304D5F2BD6D88700CA68A5 /* BrowserLoginViews */ = {
			isa = PBXGroup;
			children = (
				69304D522BD5845C00CA68A5 /* AppLoginBrowserView.swift */,
				69304D422BD2E78200CA68A5 /* TenantLoginBrowserView.swift */,
				6954F41B2BD99FAD0017373C /* LogoutBrowserView.swift */,
			);
			path = BrowserLoginViews;
			sourceTree = "<group>";
		};
		69304D682BD724DD00CA68A5 /* Utilities */ = {
			isa = PBXGroup;
			children = (
				69304D692BD724F400CA68A5 /* CustomColors.swift */,
				69B65F6F2BEB2471001B9C08 /* decodeAndPrintJson.swift */,
				69B65FA12BF18A88001B9C08 /* Functions.swift */,
				69B65F6D2BEB1F82001B9C08 /* ViewHelpers.swift */,
			);
			path = Utilities;
			sourceTree = "<group>";
		};
		69B65F732BEDBC10001B9C08 /* Settings */ = {
			isa = PBXGroup;
			children = (
				69B65F712BEC55A1001B9C08 /* Settings.swift */,
				69B65F772BEDBC57001B9C08 /* ChangeEmailView.swift */,
				69B65F752BEDBC40001B9C08 /* UpdateUserInfoView.swift */,
				69B65F792BEDBC7D001B9C08 /* ChangePasswordView.swift */,
			);
			path = Settings;
			sourceTree = "<group>";
		};
/* End PBXGroup section */

/* Begin PBXNativeTarget section */
		69304D2C2BD2D3D000CA68A5 /* iOS-Demo-App */ = {
			isa = PBXNativeTarget;
			buildConfigurationList = 69304D3B2BD2D3D100CA68A5 /* Build configuration list for PBXNativeTarget "iOS-Demo-App" */;
			buildPhases = (
				69304D292BD2D3D000CA68A5 /* Sources */,
				69304D2A2BD2D3D000CA68A5 /* Frameworks */,
				69304D2B2BD2D3D000CA68A5 /* Resources */,
			);
			buildRules = (
			);
			dependencies = (
			);
			name = "iOS-Demo-App";
			packageProductDependencies = (
				69304D4B2BD2FF2300CA68A5 /* KeychainAccess */,
				69B65FA42BF42A3F001B9C08 /* iPhoneNumberField */,
			);
			productName = "iOS-Demo-App";
			productReference = 69304D2D2BD2D3D000CA68A5 /* iOS-Demo-App.app */;
			productType = "com.apple.product-type.application";
		};
/* End PBXNativeTarget section */

/* Begin PBXProject section */
		69304D252BD2D3D000CA68A5 /* Project object */ = {
			isa = PBXProject;
			attributes = {
				BuildIndependentTargetsInParallel = 1;
				LastSwiftUpdateCheck = 1510;
				LastUpgradeCheck = 1510;
				TargetAttributes = {
					69304D2C2BD2D3D000CA68A5 = {
						CreatedOnToolsVersion = 15.1;
					};
				};
			};
			buildConfigurationList = 69304D282BD2D3D000CA68A5 /* Build configuration list for PBXProject "iOS-Demo-App" */;
			compatibilityVersion = "Xcode 14.0";
			developmentRegion = en;
			hasScannedForEncodings = 0;
			knownRegions = (
				en,
				Base,
			);
			mainGroup = 69304D242BD2D3D000CA68A5;
			packageReferences = (
				69304D4A2BD2FF2300CA68A5 /* XCRemoteSwiftPackageReference "KeychainAccess" */,
				69B65FA32BF42A3F001B9C08 /* XCRemoteSwiftPackageReference "iPhoneNumberField" */,
			);
			productRefGroup = 69304D2E2BD2D3D000CA68A5 /* Products */;
			projectDirPath = "";
			projectRoot = "";
			targets = (
				69304D2C2BD2D3D000CA68A5 /* iOS-Demo-App */,
			);
		};
/* End PBXProject section */

/* Begin PBXResourcesBuildPhase section */
		69304D2B2BD2D3D000CA68A5 /* Resources */ = {
			isa = PBXResourcesBuildPhase;
			buildActionMask = 2147483647;
			files = (
				69304D382BD2D3D100CA68A5 /* Preview Assets.xcassets in Resources */,
				69304D352BD2D3D100CA68A5 /* Assets.xcassets in Resources */,
			);
			runOnlyForDeploymentPostprocessing = 0;
		};
/* End PBXResourcesBuildPhase section */

/* Begin PBXSourcesBuildPhase section */
		69304D292BD2D3D000CA68A5 /* Sources */ = {
			isa = PBXSourcesBuildPhase;
			buildActionMask = 2147483647;
			files = (
				69304D672BD724A800CA68A5 /* OldSettingsView.swift in Sources */,
				69304D402BD2D46500CA68A5 /* AuthenticationService.swift in Sources */,
				69304D5D2BD6D85E00CA68A5 /* ContentView.swift in Sources */,
				69B65F7A2BEDBC7D001B9C08 /* ChangePasswordView.swift in Sources */,
				69304D632BD6F91000CA68A5 /* UsersService.swift in Sources */,
				69304D532BD5845C00CA68A5 /* AppLoginBrowserView.swift in Sources */,
				69B65F702BEB2471001B9C08 /* decodeAndPrintJson.swift in Sources */,
				69304D472BD2EB3C00CA68A5 /* AuthenticationViewModel.swift in Sources */,
				69B65F722BEC55A1001B9C08 /* Settings.swift in Sources */,
				6954F41C2BD99FAD0017373C /* LogoutBrowserView.swift in Sources */,
				69304D332BD2D3D000CA68A5 /* AuthenticationView.swift in Sources */,
				69304D652BD6F9FB00CA68A5 /* User.swift in Sources */,
				69304D312BD2D3D000CA68A5 /* iOS_Demo_App.swift in Sources */,
				69B65FA22BF18A88001B9C08 /* Functions.swift in Sources */,
				69304D612BD6F4D600CA68A5 /* UsersViewModel.swift in Sources */,
				69B65F6E2BEB1F82001B9C08 /* ViewHelpers.swift in Sources */,
				69304D6A2BD724F400CA68A5 /* CustomColors.swift in Sources */,
				69B65F782BEDBC57001B9C08 /* ChangeEmailView.swift in Sources */,
				69304D4E2BD4362C00CA68A5 /* PKCEGeneratorService.swift in Sources */,
				69B65F762BEDBC40001B9C08 /* UpdateUserInfoView.swift in Sources */,
				69304D5B2BD6D80D00CA68A5 /* LandingView.swift in Sources */,
				6954F41E2BD9D87A0017373C /* WristbandTouchPointView.swift in Sources */,
				69304D432BD2E78200CA68A5 /* TenantLoginBrowserView.swift in Sources */,
				69304D492BD2FE2000CA68A5 /* KeychainService.swift in Sources */,
				69304D512BD44B0700CA68A5 /* TokenResponse.swift in Sources */,
			);
			runOnlyForDeploymentPostprocessing = 0;
		};
/* End PBXSourcesBuildPhase section */

/* Begin XCBuildConfiguration section */
		69304D392BD2D3D100CA68A5 /* Debug */ = {
			isa = XCBuildConfiguration;
			buildSettings = {
				ALWAYS_SEARCH_USER_PATHS = NO;
				ASSETCATALOG_COMPILER_GENERATE_SWIFT_ASSET_SYMBOL_EXTENSIONS = YES;
				CLANG_ANALYZER_NONNULL = YES;
				CLANG_ANALYZER_NUMBER_OBJECT_CONVERSION = YES_AGGRESSIVE;
				CLANG_CXX_LANGUAGE_STANDARD = "gnu++20";
				CLANG_ENABLE_MODULES = YES;
				CLANG_ENABLE_OBJC_ARC = YES;
				CLANG_ENABLE_OBJC_WEAK = YES;
				CLANG_WARN_BLOCK_CAPTURE_AUTORELEASING = YES;
				CLANG_WARN_BOOL_CONVERSION = YES;
				CLANG_WARN_COMMA = YES;
				CLANG_WARN_CONSTANT_CONVERSION = YES;
				CLANG_WARN_DEPRECATED_OBJC_IMPLEMENTATIONS = YES;
				CLANG_WARN_DIRECT_OBJC_ISA_USAGE = YES_ERROR;
				CLANG_WARN_DOCUMENTATION_COMMENTS = YES;
				CLANG_WARN_EMPTY_BODY = YES;
				CLANG_WARN_ENUM_CONVERSION = YES;
				CLANG_WARN_INFINITE_RECURSION = YES;
				CLANG_WARN_INT_CONVERSION = YES;
				CLANG_WARN_NON_LITERAL_NULL_CONVERSION = YES;
				CLANG_WARN_OBJC_IMPLICIT_RETAIN_SELF = YES;
				CLANG_WARN_OBJC_LITERAL_CONVERSION = YES;
				CLANG_WARN_OBJC_ROOT_CLASS = YES_ERROR;
				CLANG_WARN_QUOTED_INCLUDE_IN_FRAMEWORK_HEADER = YES;
				CLANG_WARN_RANGE_LOOP_ANALYSIS = YES;
				CLANG_WARN_STRICT_PROTOTYPES = YES;
				CLANG_WARN_SUSPICIOUS_MOVE = YES;
				CLANG_WARN_UNGUARDED_AVAILABILITY = YES_AGGRESSIVE;
				CLANG_WARN_UNREACHABLE_CODE = YES;
				CLANG_WARN__DUPLICATE_METHOD_MATCH = YES;
				COPY_PHASE_STRIP = NO;
				DEBUG_INFORMATION_FORMAT = dwarf;
				ENABLE_STRICT_OBJC_MSGSEND = YES;
				ENABLE_TESTABILITY = YES;
				ENABLE_USER_SCRIPT_SANDBOXING = YES;
				GCC_C_LANGUAGE_STANDARD = gnu17;
				GCC_DYNAMIC_NO_PIC = NO;
				GCC_NO_COMMON_BLOCKS = YES;
				GCC_OPTIMIZATION_LEVEL = 0;
				GCC_PREPROCESSOR_DEFINITIONS = (
					"DEBUG=1",
					"$(inherited)",
				);
				GCC_WARN_64_TO_32_BIT_CONVERSION = YES;
				GCC_WARN_ABOUT_RETURN_TYPE = YES_ERROR;
				GCC_WARN_UNDECLARED_SELECTOR = YES;
				GCC_WARN_UNINITIALIZED_AUTOS = YES_AGGRESSIVE;
				GCC_WARN_UNUSED_FUNCTION = YES;
				GCC_WARN_UNUSED_VARIABLE = YES;
				IPHONEOS_DEPLOYMENT_TARGET = 17.2;
				LOCALIZATION_PREFERS_STRING_CATALOGS = YES;
				MTL_ENABLE_DEBUG_INFO = INCLUDE_SOURCE;
				MTL_FAST_MATH = YES;
				ONLY_ACTIVE_ARCH = YES;
				SDKROOT = iphoneos;
				SWIFT_ACTIVE_COMPILATION_CONDITIONS = "DEBUG $(inherited)";
				SWIFT_OPTIMIZATION_LEVEL = "-Onone";
			};
			name = Debug;
		};
		69304D3A2BD2D3D100CA68A5 /* Release */ = {
			isa = XCBuildConfiguration;
			buildSettings = {
				ALWAYS_SEARCH_USER_PATHS = NO;
				ASSETCATALOG_COMPILER_GENERATE_SWIFT_ASSET_SYMBOL_EXTENSIONS = YES;
				CLANG_ANALYZER_NONNULL = YES;
				CLANG_ANALYZER_NUMBER_OBJECT_CONVERSION = YES_AGGRESSIVE;
				CLANG_CXX_LANGUAGE_STANDARD = "gnu++20";
				CLANG_ENABLE_MODULES = YES;
				CLANG_ENABLE_OBJC_ARC = YES;
				CLANG_ENABLE_OBJC_WEAK = YES;
				CLANG_WARN_BLOCK_CAPTURE_AUTORELEASING = YES;
				CLANG_WARN_BOOL_CONVERSION = YES;
				CLANG_WARN_COMMA = YES;
				CLANG_WARN_CONSTANT_CONVERSION = YES;
				CLANG_WARN_DEPRECATED_OBJC_IMPLEMENTATIONS = YES;
				CLANG_WARN_DIRECT_OBJC_ISA_USAGE = YES_ERROR;
				CLANG_WARN_DOCUMENTATION_COMMENTS = YES;
				CLANG_WARN_EMPTY_BODY = YES;
				CLANG_WARN_ENUM_CONVERSION = YES;
				CLANG_WARN_INFINITE_RECURSION = YES;
				CLANG_WARN_INT_CONVERSION = YES;
				CLANG_WARN_NON_LITERAL_NULL_CONVERSION = YES;
				CLANG_WARN_OBJC_IMPLICIT_RETAIN_SELF = YES;
				CLANG_WARN_OBJC_LITERAL_CONVERSION = YES;
				CLANG_WARN_OBJC_ROOT_CLASS = YES_ERROR;
				CLANG_WARN_QUOTED_INCLUDE_IN_FRAMEWORK_HEADER = YES;
				CLANG_WARN_RANGE_LOOP_ANALYSIS = YES;
				CLANG_WARN_STRICT_PROTOTYPES = YES;
				CLANG_WARN_SUSPICIOUS_MOVE = YES;
				CLANG_WARN_UNGUARDED_AVAILABILITY = YES_AGGRESSIVE;
				CLANG_WARN_UNREACHABLE_CODE = YES;
				CLANG_WARN__DUPLICATE_METHOD_MATCH = YES;
				COPY_PHASE_STRIP = NO;
				DEBUG_INFORMATION_FORMAT = "dwarf-with-dsym";
				ENABLE_NS_ASSERTIONS = NO;
				ENABLE_STRICT_OBJC_MSGSEND = YES;
				ENABLE_USER_SCRIPT_SANDBOXING = YES;
				GCC_C_LANGUAGE_STANDARD = gnu17;
				GCC_NO_COMMON_BLOCKS = YES;
				GCC_WARN_64_TO_32_BIT_CONVERSION = YES;
				GCC_WARN_ABOUT_RETURN_TYPE = YES_ERROR;
				GCC_WARN_UNDECLARED_SELECTOR = YES;
				GCC_WARN_UNINITIALIZED_AUTOS = YES_AGGRESSIVE;
				GCC_WARN_UNUSED_FUNCTION = YES;
				GCC_WARN_UNUSED_VARIABLE = YES;
				IPHONEOS_DEPLOYMENT_TARGET = 17.2;
				LOCALIZATION_PREFERS_STRING_CATALOGS = YES;
				MTL_ENABLE_DEBUG_INFO = NO;
				MTL_FAST_MATH = YES;
				SDKROOT = iphoneos;
				SWIFT_COMPILATION_MODE = wholemodule;
				VALIDATE_PRODUCT = YES;
			};
			name = Release;
		};
		69304D3C2BD2D3D100CA68A5 /* Debug */ = {
			isa = XCBuildConfiguration;
			buildSettings = {
				ASSETCATALOG_COMPILER_APPICON_NAME = AppIcon;
				ASSETCATALOG_COMPILER_GLOBAL_ACCENT_COLOR_NAME = AccentColor;
				CODE_SIGN_STYLE = Automatic;
				CURRENT_PROJECT_VERSION = 1;
				DEVELOPMENT_ASSET_PATHS = "\"iOS-Demo-App/Preview Content\"";
				DEVELOPMENT_TEAM = 8YW7B6328V;
				ENABLE_PREVIEWS = YES;
				GENERATE_INFOPLIST_FILE = YES;
				INFOPLIST_FILE = "iOS-Demo-App/Info.plist";
				INFOPLIST_KEY_UIApplicationSceneManifest_Generation = YES;
				INFOPLIST_KEY_UIApplicationSupportsIndirectInputEvents = YES;
				INFOPLIST_KEY_UILaunchScreen_Generation = YES;
				INFOPLIST_KEY_UISupportedInterfaceOrientations_iPad = "UIInterfaceOrientationPortrait UIInterfaceOrientationPortraitUpsideDown UIInterfaceOrientationLandscapeLeft UIInterfaceOrientationLandscapeRight";
				INFOPLIST_KEY_UISupportedInterfaceOrientations_iPhone = "UIInterfaceOrientationPortrait UIInterfaceOrientationLandscapeLeft UIInterfaceOrientationLandscapeRight";
				LD_RUNPATH_SEARCH_PATHS = (
					"$(inherited)",
					"@executable_path/Frameworks",
				);
				MARKETING_VERSION = 1.0;
				PRODUCT_BUNDLE_IDENTIFIER = "donato.com.iOS-Demo-App";
				PRODUCT_NAME = "$(TARGET_NAME)";
				SWIFT_EMIT_LOC_STRINGS = YES;
				SWIFT_VERSION = 5.0;
				TARGETED_DEVICE_FAMILY = "1,2";
			};
			name = Debug;
		};
		69304D3D2BD2D3D100CA68A5 /* Release */ = {
			isa = XCBuildConfiguration;
			buildSettings = {
				ASSETCATALOG_COMPILER_APPICON_NAME = AppIcon;
				ASSETCATALOG_COMPILER_GLOBAL_ACCENT_COLOR_NAME = AccentColor;
				CODE_SIGN_STYLE = Automatic;
				CURRENT_PROJECT_VERSION = 1;
				DEVELOPMENT_ASSET_PATHS = "\"iOS-Demo-App/Preview Content\"";
				DEVELOPMENT_TEAM = 8YW7B6328V;
				ENABLE_PREVIEWS = YES;
				GENERATE_INFOPLIST_FILE = YES;
				INFOPLIST_FILE = "iOS-Demo-App/Info.plist";
				INFOPLIST_KEY_UIApplicationSceneManifest_Generation = YES;
				INFOPLIST_KEY_UIApplicationSupportsIndirectInputEvents = YES;
				INFOPLIST_KEY_UILaunchScreen_Generation = YES;
				INFOPLIST_KEY_UISupportedInterfaceOrientations_iPad = "UIInterfaceOrientationPortrait UIInterfaceOrientationPortraitUpsideDown UIInterfaceOrientationLandscapeLeft UIInterfaceOrientationLandscapeRight";
				INFOPLIST_KEY_UISupportedInterfaceOrientations_iPhone = "UIInterfaceOrientationPortrait UIInterfaceOrientationLandscapeLeft UIInterfaceOrientationLandscapeRight";
				LD_RUNPATH_SEARCH_PATHS = (
					"$(inherited)",
					"@executable_path/Frameworks",
				);
				MARKETING_VERSION = 1.0;
				PRODUCT_BUNDLE_IDENTIFIER = "donato.com.iOS-Demo-App";
				PRODUCT_NAME = "$(TARGET_NAME)";
				SWIFT_EMIT_LOC_STRINGS = YES;
				SWIFT_VERSION = 5.0;
				TARGETED_DEVICE_FAMILY = "1,2";
			};
			name = Release;
		};
/* End XCBuildConfiguration section */

/* Begin XCConfigurationList section */
		69304D282BD2D3D000CA68A5 /* Build configuration list for PBXProject "iOS-Demo-App" */ = {
			isa = XCConfigurationList;
			buildConfigurations = (
				69304D392BD2D3D100CA68A5 /* Debug */,
				69304D3A2BD2D3D100CA68A5 /* Release */,
			);
			defaultConfigurationIsVisible = 0;
			defaultConfigurationName = Release;
		};
		69304D3B2BD2D3D100CA68A5 /* Build configuration list for PBXNativeTarget "iOS-Demo-App" */ = {
			isa = XCConfigurationList;
			buildConfigurations = (
				69304D3C2BD2D3D100CA68A5 /* Debug */,
				69304D3D2BD2D3D100CA68A5 /* Release */,
			);
			defaultConfigurationIsVisible = 0;
			defaultConfigurationName = Release;
		};
/* End XCConfigurationList section */

/* Begin XCRemoteSwiftPackageReference section */
		69304D4A2BD2FF2300CA68A5 /* XCRemoteSwiftPackageReference "KeychainAccess" */ = {
			isa = XCRemoteSwiftPackageReference;
			repositoryURL = "https://github.com/kishikawakatsumi/KeychainAccess.git";
			requirement = {
				branch = master;
				kind = branch;
			};
		};
		69B65FA32BF42A3F001B9C08 /* XCRemoteSwiftPackageReference "iPhoneNumberField" */ = {
			isa = XCRemoteSwiftPackageReference;
			repositoryURL = "https://github.com/MojtabaHs/iPhoneNumberField.git";
			requirement = {
				kind = upToNextMajorVersion;
				minimumVersion = 0.10.1;
			};
		};
/* End XCRemoteSwiftPackageReference section */

/* Begin XCSwiftPackageProductDependency section */
		69304D4B2BD2FF2300CA68A5 /* KeychainAccess */ = {
			isa = XCSwiftPackageProductDependency;
			package = 69304D4A2BD2FF2300CA68A5 /* XCRemoteSwiftPackageReference "KeychainAccess" */;
			productName = KeychainAccess;
		};
		69B65FA42BF42A3F001B9C08 /* iPhoneNumberField */ = {
			isa = XCSwiftPackageProductDependency;
			package = 69B65FA32BF42A3F001B9C08 /* XCRemoteSwiftPackageReference "iPhoneNumberField" */;
			productName = iPhoneNumberField;
		};
/* End XCSwiftPackageProductDependency section */
	};
	rootObject = 69304D252BD2D3D000CA68A5 /* Project object */;
}
